
Microsoft Visual Studio Solution File, Format Version 12.00
# Visual Studio Version 16
VisualStudioVersion = 16.0.30204.135
MinimumVisualStudioVersion = 10.0.40219.1
Project("{8BC9CEB8-8B4A-11D0-8D11-00A0C91BC942}") = "Sandbox", "Sandbox\Sandbox.vcxproj", "{F991F8EA-8420-4A07-B3AF-2085CB0B7C92}"
EndProject
Project("{8BC9CEB8-8B4A-11D0-8D11-00A0C91BC942}") = "Lynton", "Lynton\Lynton.vcxproj", "{D8B93ACE-765F-430F-A478-F293B3D105CC}"
EndProject
Global
	GlobalSection(SolutionConfigurationPlatforms) = preSolution
		Debug|x64 = Debug|x64
		Release|x64 = Release|x64
	EndGlobalSection
	GlobalSection(ProjectConfigurationPlatforms) = postSolution
		{D8B93ACE-765F-430F-A478-F293B3D105CC}.Debug|x64.ActiveCfg = Debug|x64
		{D8B93ACE-765F-430F-A478-F293B3D105CC}.Debug|x64.Build.0 = Debug|x64
		{D8B93ACE-765F-430F-A478-F293B3D105CC}.Release|x64.ActiveCfg = Release|x64
		{D8B93ACE-765F-430F-A478-F293B3D105CC}.Release|x64.Build.0 = Release|x64
		{F991F8EA-8420-4A07-B3AF-2085CB0B7C92}.Debug|x64.ActiveCfg = Debug|x64
		{F991F8EA-8420-4A07-B3AF-2085CB0B7C92}.Debug|x64.Build.0 = Debug|x64
		{F991F8EA-8420-4A07-B3AF-2085CB0B7C92}.Release|x64.ActiveCfg = Release|x64
		{F991F8EA-8420-4A07-B3AF-2085CB0B7C92}.Release|x64.Build.0 = Release|x64
	EndGlobalSection
	GlobalSection(SolutionProperties) = preSolution
		HideSolutionNode = FALSE
	EndGlobalSection
	GlobalSection(ExtensibilityGlobals) = postSolution
		SolutionGuid = {2CC74268-9380-4DB2-BBC4-56AE8511A9E1}
	EndGlobalSection
EndGlobal
