<?xml version="1.0" encoding="utf-8"?>
<Project ToolsVersion="4.0" xmlns="http://schemas.microsoft.com/developer/msbuild/2003">
  <ItemGroup>
    <Filter Include="Lynton">
      <UniqueIdentifier>{69F7F2C1-5599-1D98-3E54-31EC2A95A4E8}</UniqueIdentifier>
    </Filter>
  </ItemGroup>
  <ItemGroup>
    <ClInclude Include="src\Lynton.h" />
    <ClInclude Include="src\Lynton\Application.h">
      <Filter>Lynton</Filter>
    </ClInclude>
    <ClInclude Include="src\Lynton\Core.h">
      <Filter>Lynton</Filter>
    </ClInclude>
    <ClInclude Include="src\Lynton\Log.h">
      <Filter>Lynton</Filter>
    </ClInclude>
  </ItemGroup>
  <ItemGroup>
    <ClCompile Include="src\Lynton\Application.cpp">
      <Filter>Lynton</Filter>
    </ClCompile>
    <ClCompile Include="src\Lynton\Log.cpp">
      <Filter>Lynton</Filter>
    </ClCompile>
  </ItemGroup>
</Project>