<?xml version="1.0" encoding="utf-8"?>
<Project ToolsVersion="4.0" xmlns="http://schemas.microsoft.com/developer/msbuild/2003">
  <ItemGroup>
    <Filter Include="Lynton">
      <UniqueIdentifier>{69F7F2C1-5599-1D98-3E54-31EC2A95A4E8}</UniqueIdentifier>
    </Filter>
    <Filter Include="Lynton\Events">
      <UniqueIdentifier>{2D138D14-99D3-084B-620E-52C8CE8D4D27}</UniqueIdentifier>
    </Filter>
    <Filter Include="Lynton\ImGui">
      <UniqueIdentifier>{5397BB65-3FFA-4A0A-E87F-83C0D4C1168D}</UniqueIdentifier>
    </Filter>
    <Filter Include="Platform">
      <UniqueIdentifier>{2AC788B4-1694-E3BF-3FAD-D1672BD9184E}</UniqueIdentifier>
    </Filter>
    <Filter Include="Platform\OpenGL">
      <UniqueIdentifier>{1E7D2C1D-8A08-9AE1-9319-1DD6FF23F6E1}</UniqueIdentifier>
    </Filter>
    <Filter Include="Platform\Windows">
      <UniqueIdentifier>{64FBD71A-50F4-F66C-7926-DCF1657ED678}</UniqueIdentifier>
    </Filter>
  </ItemGroup>
  <ItemGroup>
    <ClInclude Include="src\Lynton.h" />
    <ClInclude Include="src\Lynton\Application.h">
      <Filter>Lynton</Filter>
    </ClInclude>
    <ClInclude Include="src\Lynton\Core.h">
      <Filter>Lynton</Filter>
    </ClInclude>
    <ClInclude Include="src\Lynton\Events\ApplicationEvent.h">
      <Filter>Lynton\Events</Filter>
    </ClInclude>
    <ClInclude Include="src\Lynton\Events\Event.h">
      <Filter>Lynton\Events</Filter>
    </ClInclude>
    <ClInclude Include="src\Lynton\Events\KeyEvent.h">
      <Filter>Lynton\Events</Filter>
    </ClInclude>
    <ClInclude Include="src\Lynton\Events\MouseEvent.h">
      <Filter>Lynton\Events</Filter>
    </ClInclude>
    <ClInclude Include="src\Lynton\ImGui\ImGuiLayer.h">
      <Filter>Lynton\ImGui</Filter>
    </ClInclude>
    <ClInclude Include="src\Lynton\Layer.h">
      <Filter>Lynton</Filter>
    </ClInclude>
    <ClInclude Include="src\Lynton\LayerStack.h">
      <Filter>Lynton</Filter>
    </ClInclude>
    <ClInclude Include="src\Lynton\Log.h">
      <Filter>Lynton</Filter>
    </ClInclude>
    <ClInclude Include="src\Lynton\Window.h">
      <Filter>Lynton</Filter>
    </ClInclude>
    <ClInclude Include="src\Platform\OpenGL\ImGuiOpenGLRenderer.h">
      <Filter>Platform\OpenGL</Filter>
    </ClInclude>
    <ClInclude Include="src\Platform\Windows\WindowsWindow.h">
      <Filter>Platform\Windows</Filter>
    </ClInclude>
    <ClInclude Include="src\lypch.h" />
    <ClInclude Include="src\Lynton\Input.h" />
    <ClInclude Include="src\Platform\Windows\WindowsInput.h" />
    <ClInclude Include="src\Lynton\KeyCodes.h" />
  </ItemGroup>
  <ItemGroup>
    <ClCompile Include="src\Lynton\Application.cpp">
      <Filter>Lynton</Filter>
    </ClCompile>
    <ClCompile Include="src\Lynton\ImGui\ImGuiLayer.cpp">
      <Filter>Lynton\ImGui</Filter>
    </ClCompile>
    <ClCompile Include="src\Lynton\Layer.cpp">
      <Filter>Lynton</Filter>
    </ClCompile>
    <ClCompile Include="src\Lynton\LayerStack.cpp">
      <Filter>Lynton</Filter>
    </ClCompile>
    <ClCompile Include="src\Lynton\Log.cpp">
      <Filter>Lynton</Filter>
    </ClCompile>
    <ClCompile Include="src\Platform\OpenGL\ImGuiOpenGLRenderer.cpp">
      <Filter>Platform\OpenGL</Filter>
    </ClCompile>
    <ClCompile Include="src\Platform\Windows\WindowsWindow.cpp">
      <Filter>Platform\Windows</Filter>
    </ClCompile>
    <ClCompile Include="src\lypch.cpp" />
    <ClCompile Include="src\Platform\Windows\WindowsInput.cpp" />
  </ItemGroup>
</Project>